// !$*UTF8*$!
{
	archiveVersion = 1;
	classes = {
	};
	objectVersion = 46;
	objects = {

/* Begin PBXBuildFile section */
		2857F7051AD7007E0079D3A6 /* Challenge 03.m in Sources */ = {isa = PBXBuildFile; fileRef = 2857F7041AD7007E0079D3A6 /* Challenge 03.m */; };
		2857F7091AD70CD60079D3A6 /* Challenge 04.m in Sources */ = {isa = PBXBuildFile; fileRef = 2857F7081AD70CD60079D3A6 /* Challenge 04.m */; };
		2857F70B1AD7126A0079D3A6 /* testtest.m in Sources */ = {isa = PBXBuildFile; fileRef = 2857F70A1AD7126A0079D3A6 /* testtest.m */; };
		2857F70D1AD716D50079D3A6 /* Challenge 05.m in Sources */ = {isa = PBXBuildFile; fileRef = 2857F70C1AD716D50079D3A6 /* Challenge 05.m */; };
		2857F70F1AD7195D0079D3A6 /* Challenge 06.m in Sources */ = {isa = PBXBuildFile; fileRef = 2857F70E1AD7195D0079D3A6 /* Challenge 06.m */; };
		2857F7111AD722490079D3A6 /* loop.m in Sources */ = {isa = PBXBuildFile; fileRef = 2857F7101AD722490079D3A6 /* loop.m */; };
		2857F7131AD724690079D3A6 /* Challenge 06forloop.m in Sources */ = {isa = PBXBuildFile; fileRef = 2857F7121AD724690079D3A6 /* Challenge 06forloop.m */; };
		289F96951AD6281F00E0EF03 /* main.m in Sources */ = {isa = PBXBuildFile; fileRef = 289F96941AD6281F00E0EF03 /* main.m */; };
		289F969C1AD6A8A600E0EF03 /* Challenge 02.m in Sources */ = {isa = PBXBuildFile; fileRef = 289F969B1AD6A8A600E0EF03 /* Challenge 02.m */; };
/* End PBXBuildFile section */

/* Begin PBXCopyFilesBuildPhase section */
		289F968F1AD6281F00E0EF03 /* CopyFiles */ = {
			isa = PBXCopyFilesBuildPhase;
			buildActionMask = 2147483647;
			dstPath = /usr/share/man/man1/;
			dstSubfolderSpec = 0;
			files = (
			);
			runOnlyForDeploymentPostprocessing = 1;
		};
/* End PBXCopyFilesBuildPhase section */

/* Begin PBXFileReference section */
		2857F7041AD7007E0079D3A6 /* Challenge 03.m */ = {isa = PBXFileReference; fileEncoding = 4; lastKnownFileType = sourcecode.c.objc; path = "Challenge 03.m"; sourceTree = "<group>"; };
		2857F7081AD70CD60079D3A6 /* Challenge 04.m */ = {isa = PBXFileReference; fileEncoding = 4; lastKnownFileType = sourcecode.c.objc; name = "Challenge 04.m"; path = "../Challenge 04.m"; sourceTree = "<group>"; };
		2857F70A1AD7126A0079D3A6 /* testtest.m */ = {isa = PBXFileReference; fileEncoding = 4; lastKnownFileType = sourcecode.c.objc; path = testtest.m; sourceTree = "<group>"; };
		2857F70C1AD716D50079D3A6 /* Challenge 05.m */ = {isa = PBXFileReference; fileEncoding = 4; lastKnownFileType = sourcecode.c.objc; path = "Challenge 05.m"; sourceTree = "<group>"; };
		2857F70E1AD7195D0079D3A6 /* Challenge 06.m */ = {isa = PBXFileReference; fileEncoding = 4; lastKnownFileType = sourcecode.c.objc; path = "Challenge 06.m"; sourceTree = "<group>"; };
		2857F7101AD722490079D3A6 /* loop.m */ = {isa = PBXFileReference; fileEncoding = 4; lastKnownFileType = sourcecode.c.objc; path = loop.m; sourceTree = "<group>"; };
		2857F7121AD724690079D3A6 /* Challenge 06forloop.m */ = {isa = PBXFileReference; fileEncoding = 4; lastKnownFileType = sourcecode.c.objc; path = "Challenge 06forloop.m"; sourceTree = "<group>"; };
		289F96911AD6281F00E0EF03 /* Week1Day3 */ = {isa = PBXFileReference; explicitFileType = "compiled.mach-o.executable"; includeInIndex = 0; path = Week1Day3; sourceTree = BUILT_PRODUCTS_DIR; };
		289F96941AD6281F00E0EF03 /* main.m */ = {isa = PBXFileReference; lastKnownFileType = sourcecode.c.objc; path = main.m; sourceTree = "<group>"; };
		289F969B1AD6A8A600E0EF03 /* Challenge 02.m */ = {isa = PBXFileReference; fileEncoding = 4; lastKnownFileType = sourcecode.c.objc; path = "Challenge 02.m"; sourceTree = "<group>"; };
/* End PBXFileReference section */

/* Begin PBXFrameworksBuildPhase section */
		289F968E1AD6281F00E0EF03 /* Frameworks */ = {
			isa = PBXFrameworksBuildPhase;
			buildActionMask = 2147483647;
			files = (
			);
			runOnlyForDeploymentPostprocessing = 0;
		};
/* End PBXFrameworksBuildPhase section */

/* Begin PBXGroup section */
		289F96881AD6281F00E0EF03 = {
			isa = PBXGroup;
			children = (
				289F96931AD6281F00E0EF03 /* Week1Day3 */,
				289F96921AD6281F00E0EF03 /* Products */,
			);
			sourceTree = "<group>";
		};
		289F96921AD6281F00E0EF03 /* Products */ = {
			isa = PBXGroup;
			children = (
				289F96911AD6281F00E0EF03 /* Week1Day3 */,
			);
			name = Products;
			sourceTree = "<group>";
		};
		289F96931AD6281F00E0EF03 /* Week1Day3 */ = {
			isa = PBXGroup;
			children = (
				289F96941AD6281F00E0EF03 /* main.m */,
				289F969B1AD6A8A600E0EF03 /* Challenge 02.m */,
				2857F7041AD7007E0079D3A6 /* Challenge 03.m */,
				2857F7081AD70CD60079D3A6 /* Challenge 04.m */,
				2857F70A1AD7126A0079D3A6 /* testtest.m */,
				2857F70C1AD716D50079D3A6 /* Challenge 05.m */,
				2857F70E1AD7195D0079D3A6 /* Challenge 06.m */,
				2857F7121AD724690079D3A6 /* Challenge 06forloop.m */,
				2857F7101AD722490079D3A6 /* loop.m */,
			);
			path = Week1Day3;
			sourceTree = "<group>";
		};
/* End PBXGroup section */

/* Begin PBXNativeTarget section */
		289F96901AD6281F00E0EF03 /* Week1Day3 */ = {
			isa = PBXNativeTarget;
			buildConfigurationList = 289F96981AD6281F00E0EF03 /* Build configuration list for PBXNativeTarget "Week1Day3" */;
			buildPhases = (
				289F968D1AD6281F00E0EF03 /* Sources */,
				289F968E1AD6281F00E0EF03 /* Frameworks */,
				289F968F1AD6281F00E0EF03 /* CopyFiles */,
			);
			buildRules = (
			);
			dependencies = (
			);
			name = Week1Day3;
			productName = Week1Day3;
			productReference = 289F96911AD6281F00E0EF03 /* Week1Day3 */;
			productType = "com.apple.product-type.tool";
		};
/* End PBXNativeTarget section */

/* Begin PBXProject section */
		289F96891AD6281F00E0EF03 /* Project object */ = {
			isa = PBXProject;
			attributes = {
				LastUpgradeCheck = 0620;
				ORGANIZATIONNAME = "Catherine Reyto";
				TargetAttributes = {
					289F96901AD6281F00E0EF03 = {
						CreatedOnToolsVersion = 6.2;
					};
				};
			};
			buildConfigurationList = 289F968C1AD6281F00E0EF03 /* Build configuration list for PBXProject "Week1Day3" */;
			compatibilityVersion = "Xcode 3.2";
			developmentRegion = English;
			hasScannedForEncodings = 0;
			knownRegions = (
				en,
			);
			mainGroup = 289F96881AD6281F00E0EF03;
			productRefGroup = 289F96921AD6281F00E0EF03 /* Products */;
			projectDirPath = "";
			projectRoot = "";
			targets = (
				289F96901AD6281F00E0EF03 /* Week1Day3 */,
			);
		};
/* End PBXProject section */

/* Begin PBXSourcesBuildPhase section */
		289F968D1AD6281F00E0EF03 /* Sources */ = {
			isa = PBXSourcesBuildPhase;
			buildActionMask = 2147483647;
			files = (
				2857F70F1AD7195D0079D3A6 /* Challenge 06.m in Sources */,
				2857F7091AD70CD60079D3A6 /* Challenge 04.m in Sources */,
				289F969C1AD6A8A600E0EF03 /* Challenge 02.m in Sources */,
				2857F7111AD722490079D3A6 /* loop.m in Sources */,
				2857F7051AD7007E0079D3A6 /* Challenge 03.m in Sources */,
				2857F70B1AD7126A0079D3A6 /* testtest.m in Sources */,
				289F96951AD6281F00E0EF03 /* main.m in Sources */,
				2857F70D1AD716D50079D3A6 /* Challenge 05.m in Sources */,
				2857F7131AD724690079D3A6 /* Challenge 06forloop.m in Sources */,
			);
			runOnlyForDeploymentPostprocessing = 0;
		};
/* End PBXSourcesBuildPhase section */

/* Begin XCBuildConfiguration section */
		289F96961AD6281F00E0EF03 /* Debug */ = {
			isa = XCBuildConfiguration;
			buildSettings = {
				ALWAYS_SEARCH_USER_PATHS = NO;
				CLANG_CXX_LANGUAGE_STANDARD = "gnu++0x";
				CLANG_CXX_LIBRARY = "libc++";
				CLANG_ENABLE_MODULES = YES;
				CLANG_ENABLE_OBJC_ARC = YES;
				CLANG_WARN_BOOL_CONVERSION = YES;
				CLANG_WARN_CONSTANT_CONVERSION = YES;
				CLANG_WARN_DIRECT_OBJC_ISA_USAGE = YES_ERROR;
				CLANG_WARN_EMPTY_BODY = YES;
				CLANG_WARN_ENUM_CONVERSION = YES;
				CLANG_WARN_INT_CONVERSION = YES;
				CLANG_WARN_OBJC_ROOT_CLASS = YES_ERROR;
				CLANG_WARN_UNREACHABLE_CODE = YES;
				CLANG_WARN__DUPLICATE_METHOD_MATCH = YES;
				COPY_PHASE_STRIP = NO;
				ENABLE_STRICT_OBJC_MSGSEND = YES;
				GCC_C_LANGUAGE_STANDARD = gnu99;
				GCC_DYNAMIC_NO_PIC = NO;
				GCC_OPTIMIZATION_LEVEL = 0;
				GCC_PREPROCESSOR_DEFINITIONS = (
					"DEBUG=1",
					"$(inherited)",
				);
				GCC_SYMBOLS_PRIVATE_EXTERN = NO;
				GCC_WARN_64_TO_32_BIT_CONVERSION = YES;
				GCC_WARN_ABOUT_RETURN_TYPE = YES_ERROR;
				GCC_WARN_UNDECLARED_SELECTOR = YES;
				GCC_WARN_UNINITIALIZED_AUTOS = YES_AGGRESSIVE;
				GCC_WARN_UNUSED_FUNCTION = YES;
				GCC_WARN_UNUSED_VARIABLE = YES;
				MACOSX_DEPLOYMENT_TARGET = 10.10;
				MTL_ENABLE_DEBUG_INFO = YES;
				ONLY_ACTIVE_ARCH = YES;
				SDKROOT = macosx;
			};
			name = Debug;
		};
		289F96971AD6281F00E0EF03 /* Release */ = {
			isa = XCBuildConfiguration;
			buildSettings = {
				ALWAYS_SEARCH_USER_PATHS = NO;
				CLANG_CXX_LANGUAGE_STANDARD = "gnu++0x";
				CLANG_CXX_LIBRARY = "libc++";
				CLANG_ENABLE_MODULES = YES;
				CLANG_ENABLE_OBJC_ARC = YES;
				CLANG_WARN_BOOL_CONVERSION = YES;
				CLANG_WARN_CONSTANT_CONVERSION = YES;
				CLANG_WARN_DIRECT_OBJC_ISA_USAGE = YES_ERROR;
				CLANG_WARN_EMPTY_BODY = YES;
				CLANG_WARN_ENUM_CONVERSION = YES;
				CLANG_WARN_INT_CONVERSION = YES;
				CLANG_WARN_OBJC_ROOT_CLASS = YES_ERROR;
				CLANG_WARN_UNREACHABLE_CODE = YES;
				CLANG_WARN__DUPLICATE_METHOD_MATCH = YES;
				COPY_PHASE_STRIP = NO;
				DEBUG_INFORMATION_FORMAT = "dwarf-with-dsym";
				ENABLE_NS_ASSERTIONS = NO;
				ENABLE_STRICT_OBJC_MSGSEND = YES;
				GCC_C_LANGUAGE_STANDARD = gnu99;
				GCC_WARN_64_TO_32_BIT_CONVERSION = YES;
				GCC_WARN_ABOUT_RETURN_TYPE = YES_ERROR;
				GCC_WARN_UNDECLARED_SELECTOR = YES;
				GCC_WARN_UNINITIALIZED_AUTOS = YES_AGGRESSIVE;
				GCC_WARN_UNUSED_FUNCTION = YES;
				GCC_WARN_UNUSED_VARIABLE = YES;
				MACOSX_DEPLOYMENT_TARGET = 10.10;
				MTL_ENABLE_DEBUG_INFO = NO;
				SDKROOT = macosx;
			};
			name = Release;
		};
		289F96991AD6281F00E0EF03 /* Debug */ = {
			isa = XCBuildConfiguration;
			buildSettings = {
				PRODUCT_NAME = "$(TARGET_NAME)";
			};
			name = Debug;
		};
		289F969A1AD6281F00E0EF03 /* Release */ = {
			isa = XCBuildConfiguration;
			buildSettings = {
				PRODUCT_NAME = "$(TARGET_NAME)";
			};
			name = Release;
		};
/* End XCBuildConfiguration section */

/* Begin XCConfigurationList section */
		289F968C1AD6281F00E0EF03 /* Build configuration list for PBXProject "Week1Day3" */ = {
			isa = XCConfigurationList;
			buildConfigurations = (
				289F96961AD6281F00E0EF03 /* Debug */,
				289F96971AD6281F00E0EF03 /* Release */,
			);
			defaultConfigurationIsVisible = 0;
			defaultConfigurationName = Release;
		};
		289F96981AD6281F00E0EF03 /* Build configuration list for PBXNativeTarget "Week1Day3" */ = {
			isa = XCConfigurationList;
			buildConfigurations = (
				289F96991AD6281F00E0EF03 /* Debug */,
				289F969A1AD6281F00E0EF03 /* Release */,
			);
			defaultConfigurationIsVisible = 0;
			defaultConfigurationName = Release;
		};
/* End XCConfigurationList section */
	};
	rootObject = 289F96891AD6281F00E0EF03 /* Project object */;
}
